
Microsoft Visual Studio Solution File, Format Version 12.00
# Visual Studio Version 17
VisualStudioVersion = 17.14.36518.9
MinimumVisualStudioVersion = 10.0.40219.1
Project("{FAE04EC0-301F-11D3-BF4B-00C04F79EFBC}") = "LabUI", "LabUI\LabUI.csproj", "{AACF7A36-7FA5-486E-868D-D7BA8CB8E6E7}"
EndProject
Project("{FAE04EC0-301F-11D3-BF4B-00C04F79EFBC}") = "Lab.Domain", "Lab.Domain\Lab.Domain.csproj", "{A6B6C749-D3F1-43D6-91B0-C8EA900CFB2A}"
EndProject
Project("{FAE04EC0-301F-11D3-BF4B-00C04F79EFBC}") = "LabUlApi", "LabUlApi\LabUlApi.csproj", "{65E93E3E-12CB-46E2-A63E-AEEA65817A16}"
EndProject
Global
	GlobalSection(SolutionConfigurationPlatforms) = preSolution
		Debug|Any CPU = Debug|Any CPU
		Release|Any CPU = Release|Any CPU
	EndGlobalSection
	GlobalSection(ProjectConfigurationPlatforms) = postSolution
		{AACF7A36-7FA5-486E-868D-D7BA8CB8E6E7}.Debug|Any CPU.ActiveCfg = Debug|Any CPU
		{AACF7A36-7FA5-486E-868D-D7BA8CB8E6E7}.Debug|Any CPU.Build.0 = Debug|Any CPU
		{AACF7A36-7FA5-486E-868D-D7BA8CB8E6E7}.Release|Any CPU.ActiveCfg = Release|Any CPU
		{AACF7A36-7FA5-486E-868D-D7BA8CB8E6E7}.Release|Any CPU.Build.0 = Release|Any CPU
		{A6B6C749-D3F1-43D6-91B0-C8EA900CFB2A}.Debug|Any CPU.ActiveCfg = Debug|Any CPU
		{A6B6C749-D3F1-43D6-91B0-C8EA900CFB2A}.Debug|Any CPU.Build.0 = Debug|Any CPU
		{A6B6C749-D3F1-43D6-91B0-C8EA900CFB2A}.Release|Any CPU.ActiveCfg = Release|Any CPU
		{A6B6C749-D3F1-43D6-91B0-C8EA900CFB2A}.Release|Any CPU.Build.0 = Release|Any CPU
		{65E93E3E-12CB-46E2-A63E-AEEA65817A16}.Debug|Any CPU.ActiveCfg = Debug|Any CPU
		{65E93E3E-12CB-46E2-A63E-AEEA65817A16}.Debug|Any CPU.Build.0 = Debug|Any CPU
		{65E93E3E-12CB-46E2-A63E-AEEA65817A16}.Release|Any CPU.ActiveCfg = Release|Any CPU
		{65E93E3E-12CB-46E2-A63E-AEEA65817A16}.Release|Any CPU.Build.0 = Release|Any CPU
	EndGlobalSection
	GlobalSection(SolutionProperties) = preSolution
		HideSolutionNode = FALSE
	EndGlobalSection
	GlobalSection(ExtensibilityGlobals) = postSolution
		SolutionGuid = {FD56030E-735A-400A-99ED-D64BFBF1A65F}
	EndGlobalSection
EndGlobal
