
Microsoft Visual Studio Solution File, Format Version 12.00
# Visual Studio Version 17
VisualStudioVersion = 17.14.36518.9
MinimumVisualStudioVersion = 10.0.40219.1
Project("{FAE04EC0-301F-11D3-BF4B-00C04F79EFBC}") = "LabUI", "LabUI\LabUI.csproj", "{AACF7A36-7FA5-486E-868D-D7BA8CB8E6E7}"
EndProject
Project("{FAE04EC0-301F-11D3-BF4B-00C04F79EFBC}") = "Lab.Domain", "Lab.Domain\Lab.Domain.csproj", "{A6B6C749-D3F1-43D6-91B0-C8EA900CFB2A}"
EndProject
Project("{FAE04EC0-301F-11D3-BF4B-00C04F79EFBC}") = "LabUl-Api", "LabUl-Api\LabUl-Api.csproj", "{B720EA4A-532A-47FE-8C2D-81939D19AFC7}"
EndProject
Project("{FAE04EC0-301F-11D3-BF4B-00C04F79EFBC}") = "LabUI.Tests", "LabUI.Tests\LabUI.Tests.csproj", "{D413CAAC-4A11-41CF-839C-C3B1DC2494F6}"
EndProject
Project("{FAE04EC0-301F-11D3-BF4B-00C04F79EFBC}") = "LabUI.Blazor", "LabUI.Blazor\LabUI.Blazor.csproj", "{78C9DA04-31C5-451A-9A1A-569502FD7AFD}"
EndProject
Global
	GlobalSection(SolutionConfigurationPlatforms) = preSolution
		Debug|Any CPU = Debug|Any CPU
		Release|Any CPU = Release|Any CPU
	EndGlobalSection
	GlobalSection(ProjectConfigurationPlatforms) = postSolution
		{AACF7A36-7FA5-486E-868D-D7BA8CB8E6E7}.Debug|Any CPU.ActiveCfg = Debug|Any CPU
		{AACF7A36-7FA5-486E-868D-D7BA8CB8E6E7}.Debug|Any CPU.Build.0 = Debug|Any CPU
		{AACF7A36-7FA5-486E-868D-D7BA8CB8E6E7}.Release|Any CPU.ActiveCfg = Release|Any CPU
		{AACF7A36-7FA5-486E-868D-D7BA8CB8E6E7}.Release|Any CPU.Build.0 = Release|Any CPU
		{A6B6C749-D3F1-43D6-91B0-C8EA900CFB2A}.Debug|Any CPU.ActiveCfg = Debug|Any CPU
		{A6B6C749-D3F1-43D6-91B0-C8EA900CFB2A}.Debug|Any CPU.Build.0 = Debug|Any CPU
		{A6B6C749-D3F1-43D6-91B0-C8EA900CFB2A}.Release|Any CPU.ActiveCfg = Release|Any CPU
		{A6B6C749-D3F1-43D6-91B0-C8EA900CFB2A}.Release|Any CPU.Build.0 = Release|Any CPU
		{B720EA4A-532A-47FE-8C2D-81939D19AFC7}.Debug|Any CPU.ActiveCfg = Debug|Any CPU
		{B720EA4A-532A-47FE-8C2D-81939D19AFC7}.Debug|Any CPU.Build.0 = Debug|Any CPU
		{B720EA4A-532A-47FE-8C2D-81939D19AFC7}.Release|Any CPU.ActiveCfg = Release|Any CPU
		{B720EA4A-532A-47FE-8C2D-81939D19AFC7}.Release|Any CPU.Build.0 = Release|Any CPU
		{D413CAAC-4A11-41CF-839C-C3B1DC2494F6}.Debug|Any CPU.ActiveCfg = Debug|Any CPU
		{D413CAAC-4A11-41CF-839C-C3B1DC2494F6}.Debug|Any CPU.Build.0 = Debug|Any CPU
		{D413CAAC-4A11-41CF-839C-C3B1DC2494F6}.Release|Any CPU.ActiveCfg = Release|Any CPU
		{D413CAAC-4A11-41CF-839C-C3B1DC2494F6}.Release|Any CPU.Build.0 = Release|Any CPU
		{78C9DA04-31C5-451A-9A1A-569502FD7AFD}.Debug|Any CPU.ActiveCfg = Debug|Any CPU
		{78C9DA04-31C5-451A-9A1A-569502FD7AFD}.Debug|Any CPU.Build.0 = Debug|Any CPU
		{78C9DA04-31C5-451A-9A1A-569502FD7AFD}.Release|Any CPU.ActiveCfg = Release|Any CPU
		{78C9DA04-31C5-451A-9A1A-569502FD7AFD}.Release|Any CPU.Build.0 = Release|Any CPU
	EndGlobalSection
	GlobalSection(SolutionProperties) = preSolution
		HideSolutionNode = FALSE
	EndGlobalSection
	GlobalSection(ExtensibilityGlobals) = postSolution
		SolutionGuid = {FD56030E-735A-400A-99ED-D64BFBF1A65F}
	EndGlobalSection
EndGlobal
